// !$*UTF8*$!
{
	archiveVersion = 1;
	classes = {
	};
	objectVersion = 55;
	objects = {

/* Begin PBXBuildFile section */
		294BDBB32CAE13E6002CDC9B /* AppDelegate.swift in Sources */ = {isa = PBXBuildFile; fileRef = 294BDBB22CAE13E6002CDC9B /* AppDelegate.swift */; };
		294BDBB52CAE13E6002CDC9B /* SceneDelegate.swift in Sources */ = {isa = PBXBuildFile; fileRef = 294BDBB42CAE13E6002CDC9B /* SceneDelegate.swift */; };
		294BDBB72CAE13E6002CDC9B /* ViewController.swift in Sources */ = {isa = PBXBuildFile; fileRef = 294BDBB62CAE13E6002CDC9B /* ViewController.swift */; };
		294BDBBA2CAE13E6002CDC9B /* Main.storyboard in Resources */ = {isa = PBXBuildFile; fileRef = 294BDBB82CAE13E6002CDC9B /* Main.storyboard */; };
		294BDBBD2CAE13E6002CDC9B /* SandovalColeccionDeJuegos.xcdatamodeld in Sources */ = {isa = PBXBuildFile; fileRef = 294BDBBB2CAE13E6002CDC9B /* SandovalColeccionDeJuegos.xcdatamodeld */; };
		294BDBBF2CAE13E6002CDC9B /* Assets.xcassets in Resources */ = {isa = PBXBuildFile; fileRef = 294BDBBE2CAE13E6002CDC9B /* Assets.xcassets */; };
		294BDBC22CAE13E6002CDC9B /* LaunchScreen.storyboard in Resources */ = {isa = PBXBuildFile; fileRef = 294BDBC02CAE13E6002CDC9B /* LaunchScreen.storyboard */; };
		294BDBCA2CAE1D75002CDC9B /* JuegosViewController.swift in Sources */ = {isa = PBXBuildFile; fileRef = 294BDBC92CAE1D75002CDC9B /* JuegosViewController.swift */; };
/* End PBXBuildFile section */

/* Begin PBXFileReference section */
		294BDBAF2CAE13E6002CDC9B /* SandovalColeccionDeJuegos.app */ = {isa = PBXFileReference; explicitFileType = wrapper.application; includeInIndex = 0; path = SandovalColeccionDeJuegos.app; sourceTree = BUILT_PRODUCTS_DIR; };
		294BDBB22CAE13E6002CDC9B /* AppDelegate.swift */ = {isa = PBXFileReference; lastKnownFileType = sourcecode.swift; path = AppDelegate.swift; sourceTree = "<group>"; };
		294BDBB42CAE13E6002CDC9B /* SceneDelegate.swift */ = {isa = PBXFileReference; lastKnownFileType = sourcecode.swift; path = SceneDelegate.swift; sourceTree = "<group>"; };
		294BDBB62CAE13E6002CDC9B /* ViewController.swift */ = {isa = PBXFileReference; lastKnownFileType = sourcecode.swift; path = ViewController.swift; sourceTree = "<group>"; };
		294BDBB92CAE13E6002CDC9B /* Base */ = {isa = PBXFileReference; lastKnownFileType = file.storyboard; name = Base; path = Base.lproj/Main.storyboard; sourceTree = "<group>"; };
		294BDBBC2CAE13E6002CDC9B /* SandovalColeccionDeJuegos.xcdatamodel */ = {isa = PBXFileReference; lastKnownFileType = wrapper.xcdatamodel; path = SandovalColeccionDeJuegos.xcdatamodel; sourceTree = "<group>"; };
		294BDBBE2CAE13E6002CDC9B /* Assets.xcassets */ = {isa = PBXFileReference; lastKnownFileType = folder.assetcatalog; path = Assets.xcassets; sourceTree = "<group>"; };
		294BDBC12CAE13E6002CDC9B /* Base */ = {isa = PBXFileReference; lastKnownFileType = file.storyboard; name = Base; path = Base.lproj/LaunchScreen.storyboard; sourceTree = "<group>"; };
		294BDBC32CAE13E6002CDC9B /* Info.plist */ = {isa = PBXFileReference; lastKnownFileType = text.plist.xml; path = Info.plist; sourceTree = "<group>"; };
		294BDBC92CAE1D75002CDC9B /* JuegosViewController.swift */ = {isa = PBXFileReference; lastKnownFileType = sourcecode.swift; path = JuegosViewController.swift; sourceTree = "<group>"; };
/* End PBXFileReference section */

/* Begin PBXFrameworksBuildPhase section */
		294BDBAC2CAE13E6002CDC9B /* Frameworks */ = {
			isa = PBXFrameworksBuildPhase;
			buildActionMask = 2147483647;
			files = (
			);
			runOnlyForDeploymentPostprocessing = 0;
		};
/* End PBXFrameworksBuildPhase section */

/* Begin PBXGroup section */
		294BDBA62CAE13E6002CDC9B = {
			isa = PBXGroup;
			children = (
				294BDBB12CAE13E6002CDC9B /* SandovalColeccionDeJuegos */,
				294BDBB02CAE13E6002CDC9B /* Products */,
			);
			sourceTree = "<group>";
		};
		294BDBB02CAE13E6002CDC9B /* Products */ = {
			isa = PBXGroup;
			children = (
				294BDBAF2CAE13E6002CDC9B /* SandovalColeccionDeJuegos.app */,
			);
			name = Products;
			sourceTree = "<group>";
		};
		294BDBB12CAE13E6002CDC9B /* SandovalColeccionDeJuegos */ = {
			isa = PBXGroup;
			children = (
				294BDBB22CAE13E6002CDC9B /* AppDelegate.swift */,
				294BDBB42CAE13E6002CDC9B /* SceneDelegate.swift */,
				294BDBB62CAE13E6002CDC9B /* ViewController.swift */,
				294BDBB82CAE13E6002CDC9B /* Main.storyboard */,
				294BDBC92CAE1D75002CDC9B /* JuegosViewController.swift */,
				294BDBBE2CAE13E6002CDC9B /* Assets.xcassets */,
				294BDBC02CAE13E6002CDC9B /* LaunchScreen.storyboard */,
				294BDBC32CAE13E6002CDC9B /* Info.plist */,
				294BDBBB2CAE13E6002CDC9B /* SandovalColeccionDeJuegos.xcdatamodeld */,
			);
			path = SandovalColeccionDeJuegos;
			sourceTree = "<group>";
		};
/* End PBXGroup section */

/* Begin PBXNativeTarget section */
		294BDBAE2CAE13E6002CDC9B /* SandovalColeccionDeJuegos */ = {
			isa = PBXNativeTarget;
			buildConfigurationList = 294BDBC62CAE13E6002CDC9B /* Build configuration list for PBXNativeTarget "SandovalColeccionDeJuegos" */;
			buildPhases = (
				294BDBAB2CAE13E6002CDC9B /* Sources */,
				294BDBAC2CAE13E6002CDC9B /* Frameworks */,
				294BDBAD2CAE13E6002CDC9B /* Resources */,
			);
			buildRules = (
			);
			dependencies = (
			);
			name = SandovalColeccionDeJuegos;
			productName = SandovalColeccionDeJuegos;
			productReference = 294BDBAF2CAE13E6002CDC9B /* SandovalColeccionDeJuegos.app */;
			productType = "com.apple.product-type.application";
		};
/* End PBXNativeTarget section */

/* Begin PBXProject section */
		294BDBA72CAE13E6002CDC9B /* Project object */ = {
			isa = PBXProject;
			attributes = {
				BuildIndependentTargetsInParallel = 1;
				LastSwiftUpdateCheck = 1340;
				LastUpgradeCheck = 1340;
				TargetAttributes = {
					294BDBAE2CAE13E6002CDC9B = {
						CreatedOnToolsVersion = 13.4.1;
					};
				};
			};
			buildConfigurationList = 294BDBAA2CAE13E6002CDC9B /* Build configuration list for PBXProject "SandovalColeccionDeJuegos" */;
			compatibilityVersion = "Xcode 13.0";
			developmentRegion = en;
			hasScannedForEncodings = 0;
			knownRegions = (
				en,
				Base,
			);
			mainGroup = 294BDBA62CAE13E6002CDC9B;
			productRefGroup = 294BDBB02CAE13E6002CDC9B /* Products */;
			projectDirPath = "";
			projectRoot = "";
			targets = (
				294BDBAE2CAE13E6002CDC9B /* SandovalColeccionDeJuegos */,
			);
		};
/* End PBXProject section */

/* Begin PBXResourcesBuildPhase section */
		294BDBAD2CAE13E6002CDC9B /* Resources */ = {
			isa = PBXResourcesBuildPhase;
			buildActionMask = 2147483647;
			files = (
				294BDBC22CAE13E6002CDC9B /* LaunchScreen.storyboard in Resources */,
				294BDBBF2CAE13E6002CDC9B /* Assets.xcassets in Resources */,
				294BDBBA2CAE13E6002CDC9B /* Main.storyboard in Resources */,
			);
			runOnlyForDeploymentPostprocessing = 0;
		};
/* End PBXResourcesBuildPhase section */

/* Begin PBXSourcesBuildPhase section */
		294BDBAB2CAE13E6002CDC9B /* Sources */ = {
			isa = PBXSourcesBuildPhase;
			buildActionMask = 2147483647;
			files = (
				294BDBCA2CAE1D75002CDC9B /* JuegosViewController.swift in Sources */,
				294BDBB72CAE13E6002CDC9B /* ViewController.swift in Sources */,
				294BDBB32CAE13E6002CDC9B /* AppDelegate.swift in Sources */,
				294BDBB52CAE13E6002CDC9B /* SceneDelegate.swift in Sources */,
				294BDBBD2CAE13E6002CDC9B /* SandovalColeccionDeJuegos.xcdatamodeld in Sources */,
			);
			runOnlyForDeploymentPostprocessing = 0;
		};
/* End PBXSourcesBuildPhase section */

/* Begin PBXVariantGroup section */
		294BDBB82CAE13E6002CDC9B /* Main.storyboard */ = {
			isa = PBXVariantGroup;
			children = (
				294BDBB92CAE13E6002CDC9B /* Base */,
			);
			name = Main.storyboard;
			sourceTree = "<group>";
		};
		294BDBC02CAE13E6002CDC9B /* LaunchScreen.storyboard */ = {
			isa = PBXVariantGroup;
			children = (
				294BDBC12CAE13E6002CDC9B /* Base */,
			);
			name = LaunchScreen.storyboard;
			sourceTree = "<group>";
		};
/* End PBXVariantGroup section */

/* Begin XCBuildConfiguration section */
		294BDBC42CAE13E6002CDC9B /* Debug */ = {
			isa = XCBuildConfiguration;
			buildSettings = {
				ALWAYS_SEARCH_USER_PATHS = NO;
				CLANG_ANALYZER_NONNULL = YES;
				CLANG_ANALYZER_NUMBER_OBJECT_CONVERSION = YES_AGGRESSIVE;
				CLANG_CXX_LANGUAGE_STANDARD = "gnu++17";
				CLANG_ENABLE_MODULES = YES;
				CLANG_ENABLE_OBJC_ARC = YES;
				CLANG_ENABLE_OBJC_WEAK = YES;
				CLANG_WARN_BLOCK_CAPTURE_AUTORELEASING = YES;
				CLANG_WARN_BOOL_CONVERSION = YES;
				CLANG_WARN_COMMA = YES;
				CLANG_WARN_CONSTANT_CONVERSION = YES;
				CLANG_WARN_DEPRECATED_OBJC_IMPLEMENTATIONS = YES;
				CLANG_WARN_DIRECT_OBJC_ISA_USAGE = YES_ERROR;
				CLANG_WARN_DOCUMENTATION_COMMENTS = YES;
				CLANG_WARN_EMPTY_BODY = YES;
				CLANG_WARN_ENUM_CONVERSION = YES;
				CLANG_WARN_INFINITE_RECURSION = YES;
				CLANG_WARN_INT_CONVERSION = YES;
				CLANG_WARN_NON_LITERAL_NULL_CONVERSION = YES;
				CLANG_WARN_OBJC_IMPLICIT_RETAIN_SELF = YES;
				CLANG_WARN_OBJC_LITERAL_CONVERSION = YES;
				CLANG_WARN_OBJC_ROOT_CLASS = YES_ERROR;
				CLANG_WARN_QUOTED_INCLUDE_IN_FRAMEWORK_HEADER = YES;
				CLANG_WARN_RANGE_LOOP_ANALYSIS = YES;
				CLANG_WARN_STRICT_PROTOTYPES = YES;
				CLANG_WARN_SUSPICIOUS_MOVE = YES;
				CLANG_WARN_UNGUARDED_AVAILABILITY = YES_AGGRESSIVE;
				CLANG_WARN_UNREACHABLE_CODE = YES;
				CLANG_WARN__DUPLICATE_METHOD_MATCH = YES;
				COPY_PHASE_STRIP = NO;
				DEBUG_INFORMATION_FORMAT = dwarf;
				ENABLE_STRICT_OBJC_MSGSEND = YES;
				ENABLE_TESTABILITY = YES;
				GCC_C_LANGUAGE_STANDARD = gnu11;
				GCC_DYNAMIC_NO_PIC = NO;
				GCC_NO_COMMON_BLOCKS = YES;
				GCC_OPTIMIZATION_LEVEL = 0;
				GCC_PREPROCESSOR_DEFINITIONS = (
					"DEBUG=1",
					"$(inherited)",
				);
				GCC_WARN_64_TO_32_BIT_CONVERSION = YES;
				GCC_WARN_ABOUT_RETURN_TYPE = YES_ERROR;
				GCC_WARN_UNDECLARED_SELECTOR = YES;
				GCC_WARN_UNINITIALIZED_AUTOS = YES_AGGRESSIVE;
				GCC_WARN_UNUSED_FUNCTION = YES;
				GCC_WARN_UNUSED_VARIABLE = YES;
				IPHONEOS_DEPLOYMENT_TARGET = 15.5;
				MTL_ENABLE_DEBUG_INFO = INCLUDE_SOURCE;
				MTL_FAST_MATH = YES;
				ONLY_ACTIVE_ARCH = YES;
				SDKROOT = iphoneos;
				SWIFT_ACTIVE_COMPILATION_CONDITIONS = DEBUG;
				SWIFT_OPTIMIZATION_LEVEL = "-Onone";
			};
			name = Debug;
		};
		294BDBC52CAE13E6002CDC9B /* Release */ = {
			isa = XCBuildConfiguration;
			buildSettings = {
				ALWAYS_SEARCH_USER_PATHS = NO;
				CLANG_ANALYZER_NONNULL = YES;
				CLANG_ANALYZER_NUMBER_OBJECT_CONVERSION = YES_AGGRESSIVE;
				CLANG_CXX_LANGUAGE_STANDARD = "gnu++17";
				CLANG_ENABLE_MODULES = YES;
				CLANG_ENABLE_OBJC_ARC = YES;
				CLANG_ENABLE_OBJC_WEAK = YES;
				CLANG_WARN_BLOCK_CAPTURE_AUTORELEASING = YES;
				CLANG_WARN_BOOL_CONVERSION = YES;
				CLANG_WARN_COMMA = YES;
				CLANG_WARN_CONSTANT_CONVERSION = YES;
				CLANG_WARN_DEPRECATED_OBJC_IMPLEMENTATIONS = YES;
				CLANG_WARN_DIRECT_OBJC_ISA_USAGE = YES_ERROR;
				CLANG_WARN_DOCUMENTATION_COMMENTS = YES;
				CLANG_WARN_EMPTY_BODY = YES;
				CLANG_WARN_ENUM_CONVERSION = YES;
				CLANG_WARN_INFINITE_RECURSION = YES;
				CLANG_WARN_INT_CONVERSION = YES;
				CLANG_WARN_NON_LITERAL_NULL_CONVERSION = YES;
				CLANG_WARN_OBJC_IMPLICIT_RETAIN_SELF = YES;
				CLANG_WARN_OBJC_LITERAL_CONVERSION = YES;
				CLANG_WARN_OBJC_ROOT_CLASS = YES_ERROR;
				CLANG_WARN_QUOTED_INCLUDE_IN_FRAMEWORK_HEADER = YES;
				CLANG_WARN_RANGE_LOOP_ANALYSIS = YES;
				CLANG_WARN_STRICT_PROTOTYPES = YES;
				CLANG_WARN_SUSPICIOUS_MOVE = YES;
				CLANG_WARN_UNGUARDED_AVAILABILITY = YES_AGGRESSIVE;
				CLANG_WARN_UNREACHABLE_CODE = YES;
				CLANG_WARN__DUPLICATE_METHOD_MATCH = YES;
				COPY_PHASE_STRIP = NO;
				DEBUG_INFORMATION_FORMAT = "dwarf-with-dsym";
				ENABLE_NS_ASSERTIONS = NO;
				ENABLE_STRICT_OBJC_MSGSEND = YES;
				GCC_C_LANGUAGE_STANDARD = gnu11;
				GCC_NO_COMMON_BLOCKS = YES;
				GCC_WARN_64_TO_32_BIT_CONVERSION = YES;
				GCC_WARN_ABOUT_RETURN_TYPE = YES_ERROR;
				GCC_WARN_UNDECLARED_SELECTOR = YES;
				GCC_WARN_UNINITIALIZED_AUTOS = YES_AGGRESSIVE;
				GCC_WARN_UNUSED_FUNCTION = YES;
				GCC_WARN_UNUSED_VARIABLE = YES;
				IPHONEOS_DEPLOYMENT_TARGET = 15.5;
				MTL_ENABLE_DEBUG_INFO = NO;
				MTL_FAST_MATH = YES;
				SDKROOT = iphoneos;
				SWIFT_COMPILATION_MODE = wholemodule;
				SWIFT_OPTIMIZATION_LEVEL = "-O";
				VALIDATE_PRODUCT = YES;
			};
			name = Release;
		};
		294BDBC72CAE13E6002CDC9B /* Debug */ = {
			isa = XCBuildConfiguration;
			buildSettings = {
				ASSETCATALOG_COMPILER_APPICON_NAME = AppIcon;
				ASSETCATALOG_COMPILER_GLOBAL_ACCENT_COLOR_NAME = AccentColor;
				CODE_SIGN_STYLE = Automatic;
				CURRENT_PROJECT_VERSION = 1;
				DEVELOPMENT_TEAM = 8DH4L5843T;
				GENERATE_INFOPLIST_FILE = YES;
				INFOPLIST_FILE = SandovalColeccionDeJuegos/Info.plist;
				INFOPLIST_KEY_UIApplicationSupportsIndirectInputEvents = YES;
				INFOPLIST_KEY_UILaunchStoryboardName = LaunchScreen;
				INFOPLIST_KEY_UIMainStoryboardFile = Main;
				INFOPLIST_KEY_UISupportedInterfaceOrientations_iPad = "UIInterfaceOrientationPortrait UIInterfaceOrientationPortraitUpsideDown UIInterfaceOrientationLandscapeLeft UIInterfaceOrientationLandscapeRight";
				INFOPLIST_KEY_UISupportedInterfaceOrientations_iPhone = "UIInterfaceOrientationPortrait UIInterfaceOrientationLandscapeLeft UIInterfaceOrientationLandscapeRight";
				LD_RUNPATH_SEARCH_PATHS = (
					"$(inherited)",
					"@executable_path/Frameworks",
				);
				MARKETING_VERSION = 1.0;
				PRODUCT_BUNDLE_IDENTIFIER = none.SandovalColeccionDeJuegos;
				PRODUCT_NAME = "$(TARGET_NAME)";
				SWIFT_EMIT_LOC_STRINGS = YES;
				SWIFT_VERSION = 5.0;
				TARGETED_DEVICE_FAMILY = "1,2";
			};
			name = Debug;
		};
		294BDBC82CAE13E6002CDC9B /* Release */ = {
			isa = XCBuildConfiguration;
			buildSettings = {
				ASSETCATALOG_COMPILER_APPICON_NAME = AppIcon;
				ASSETCATALOG_COMPILER_GLOBAL_ACCENT_COLOR_NAME = AccentColor;
				CODE_SIGN_STYLE = Automatic;
				CURRENT_PROJECT_VERSION = 1;
				DEVELOPMENT_TEAM = 8DH4L5843T;
				GENERATE_INFOPLIST_FILE = YES;
				INFOPLIST_FILE = SandovalColeccionDeJuegos/Info.plist;
				INFOPLIST_KEY_UIApplicationSupportsIndirectInputEvents = YES;
				INFOPLIST_KEY_UILaunchStoryboardName = LaunchScreen;
				INFOPLIST_KEY_UIMainStoryboardFile = Main;
				INFOPLIST_KEY_UISupportedInterfaceOrientations_iPad = "UIInterfaceOrientationPortrait UIInterfaceOrientationPortraitUpsideDown UIInterfaceOrientationLandscapeLeft UIInterfaceOrientationLandscapeRight";
				INFOPLIST_KEY_UISupportedInterfaceOrientations_iPhone = "UIInterfaceOrientationPortrait UIInterfaceOrientationLandscapeLeft UIInterfaceOrientationLandscapeRight";
				LD_RUNPATH_SEARCH_PATHS = (
					"$(inherited)",
					"@executable_path/Frameworks",
				);
				MARKETING_VERSION = 1.0;
				PRODUCT_BUNDLE_IDENTIFIER = none.SandovalColeccionDeJuegos;
				PRODUCT_NAME = "$(TARGET_NAME)";
				SWIFT_EMIT_LOC_STRINGS = YES;
				SWIFT_VERSION = 5.0;
				TARGETED_DEVICE_FAMILY = "1,2";
			};
			name = Release;
		};
/* End XCBuildConfiguration section */

/* Begin XCConfigurationList section */
		294BDBAA2CAE13E6002CDC9B /* Build configuration list for PBXProject "SandovalColeccionDeJuegos" */ = {
			isa = XCConfigurationList;
			buildConfigurations = (
				294BDBC42CAE13E6002CDC9B /* Debug */,
				294BDBC52CAE13E6002CDC9B /* Release */,
			);
			defaultConfigurationIsVisible = 0;
			defaultConfigurationName = Release;
		};
		294BDBC62CAE13E6002CDC9B /* Build configuration list for PBXNativeTarget "SandovalColeccionDeJuegos" */ = {
			isa = XCConfigurationList;
			buildConfigurations = (
				294BDBC72CAE13E6002CDC9B /* Debug */,
				294BDBC82CAE13E6002CDC9B /* Release */,
			);
			defaultConfigurationIsVisible = 0;
			defaultConfigurationName = Release;
		};
/* End XCConfigurationList section */

/* Begin XCVersionGroup section */
		294BDBBB2CAE13E6002CDC9B /* SandovalColeccionDeJuegos.xcdatamodeld */ = {
			isa = XCVersionGroup;
			children = (
				294BDBBC2CAE13E6002CDC9B /* SandovalColeccionDeJuegos.xcdatamodel */,
			);
			currentVersion = 294BDBBC2CAE13E6002CDC9B /* SandovalColeccionDeJuegos.xcdatamodel */;
			path = SandovalColeccionDeJuegos.xcdatamodeld;
			sourceTree = "<group>";
			versionGroupType = wrapper.xcdatamodel;
		};
/* End XCVersionGroup section */
	};
	rootObject = 294BDBA72CAE13E6002CDC9B /* Project object */;
}
